
Microsoft Visual Studio Solution File, Format Version 12.00
# Visual Studio Version 17
VisualStudioVersion = 17.14.36429.23
MinimumVisualStudioVersion = 10.0.40219.1
Project("{2150E333-8FDC-42A3-9474-1A3956D46DE8}") = "Task0", "Task0", "{02EA681E-C7D8-13C7-8484-4AC65E1B71E8}"
EndProject
Project("{FAE04EC0-301F-11D3-BF4B-00C04F79EFBC}") = "Tyuiu.ZavyalovKA.Sprint3.Task0.V22", "Tyuiu.ZavyalovKA.Sprint3.Task0.V22\Tyuiu.ZavyalovKA.Sprint3.Task0.V22.csproj", "{23D56238-217C-41A3-A1BA-8324443DE2C9}"
EndProject
Project("{FAE04EC0-301F-11D3-BF4B-00C04F79EFBC}") = "Tyuiu.ZavyalovKA.Sprint3.Task0.V22.Lib", "Tyuiu.ZavyalovKA.Sprint3.Task0.V22.Lib\Tyuiu.ZavyalovKA.Sprint3.Task0.V22.Lib.csproj", "{73CF91D6-E760-471A-92CC-A5A0FB14ACF2}"
EndProject
Project("{FAE04EC0-301F-11D3-BF4B-00C04F79EFBC}") = "Tyuiu.ZavyalovKA.Sprint3.Task0.V22.Test", "Tyuiu.ZavyalovKA.Sprint3.Task0.V22.Test\Tyuiu.ZavyalovKA.Sprint3.Task0.V22.Test.csproj", "{067639C9-4A0C-401A-BF31-B9C90CE0E139}"
EndProject
Project("{2150E333-8FDC-42A3-9474-1A3956D46DE8}") = "Task1", "Task1", "{1AED73EC-1BE2-407B-92EC-267C89EFBF8D}"
EndProject
Project("{FAE04EC0-301F-11D3-BF4B-00C04F79EFBC}") = "Tyuiu.ZavyalovKA.Sprint3.Task1.V18", "Tyuiu.ZavyalovKA.Sprint3.Task1.V18\Tyuiu.ZavyalovKA.Sprint3.Task1.V18.csproj", "{02D74EDC-E5E2-4A3A-A20B-D3E94520A9E4}"
EndProject
Project("{FAE04EC0-301F-11D3-BF4B-00C04F79EFBC}") = "Tyuiu.ZavyalovKA.Sprint3.Task1.V18.Lib", "Tyuiu.ZavyalovKA.Sprint3.Task1.V18.Lib\Tyuiu.ZavyalovKA.Sprint3.Task1.V18.Lib.csproj", "{9D5BE57E-9DB1-43AD-BBE3-D61348654964}"
EndProject
Project("{FAE04EC0-301F-11D3-BF4B-00C04F79EFBC}") = "Tyuiu.ZavyalovKA.Sprint3.Task1.V18.Test", "Tyuiu.ZavyalovKA.Sprint3.Task1.V18.Test\Tyuiu.ZavyalovKA.Sprint3.Task1.V18.Test.csproj", "{E95A57D5-043B-44A3-9128-318406B77E35}"
EndProject
Project("{2150E333-8FDC-42A3-9474-1A3956D46DE8}") = "Task2", "Task2", "{18BCA4F8-D0AF-4408-98DF-6895C9CEA07E}"
EndProject
Project("{FAE04EC0-301F-11D3-BF4B-00C04F79EFBC}") = "Tyuiu.ZavyalovKA.Sprint3.Task2.V22", "Tyuiu.ZavyalovKA.Sprint3.Task2.V22\Tyuiu.ZavyalovKA.Sprint3.Task2.V22.csproj", "{5D4D7589-D1DD-4DB9-9CBC-9E422C0E0AF3}"
EndProject
Project("{FAE04EC0-301F-11D3-BF4B-00C04F79EFBC}") = "Tyuiu.ZavyalovKA.Sprint3.Task2.V22.Lib", "Tyuiu.ZavyalovKA.Sprint3.Task2.V22.Lib\Tyuiu.ZavyalovKA.Sprint3.Task2.V22.Lib.csproj", "{9BFCC72C-8F7B-47E2-A816-43DA56DD58E8}"
EndProject
Project("{FAE04EC0-301F-11D3-BF4B-00C04F79EFBC}") = "Tyuiu.ZavyalovKA.Sprint3.Task2.V22.Test", "Tyuiu.ZavyalovKA.Sprint3.Task2.V22.Test\Tyuiu.ZavyalovKA.Sprint3.Task2.V22.Test.csproj", "{AA18CA55-E151-467B-B170-9C7B75A2F56D}"
EndProject
Project("{2150E333-8FDC-42A3-9474-1A3956D46DE8}") = "Task3", "Task3", "{2CB82E95-5731-41BB-9E83-235A8AA8ED46}"
EndProject
Project("{FAE04EC0-301F-11D3-BF4B-00C04F79EFBC}") = "Tyuiu.ZavyalovKA.Sprint3.Task3.V7", "Tyuiu.ZavyalovKA.Sprint3.Task3.V7\Tyuiu.ZavyalovKA.Sprint3.Task3.V7.csproj", "{BE1B58AA-36F2-4F57-A073-67D245C3B2B5}"
EndProject
Project("{FAE04EC0-301F-11D3-BF4B-00C04F79EFBC}") = "Tyuiu.ZavyalovKA.Sprint3.Task3.V7.Lib", "Tyuiu.ZavyalovKA.Sprint3.Task3.V7.Lib\Tyuiu.ZavyalovKA.Sprint3.Task3.V7.Lib.csproj", "{C3803FA3-7AFB-4AE8-BE7C-1A6CA82354E7}"
EndProject
Project("{FAE04EC0-301F-11D3-BF4B-00C04F79EFBC}") = "Tyuiu.ZavyalovKA.Sprint3.Task3.V7.Test", "Tyuiu.ZavyalovKA.Sprint3.Task3.V7.Test\Tyuiu.ZavyalovKA.Sprint3.Task3.V7.Test.csproj", "{844ED438-CAED-4F92-80D4-15808867066E}"
EndProject
Project("{2150E333-8FDC-42A3-9474-1A3956D46DE8}") = "Task4", "Task4", "{9F841B03-C7CA-45CF-804B-9E5CF1165238}"
EndProject
Project("{FAE04EC0-301F-11D3-BF4B-00C04F79EFBC}") = "Tyuiu.ZavyalovKA.Sprint3.Task4.V5", "Tyuiu.ZavyalovKA.Sprint3.Task4.V5\Tyuiu.ZavyalovKA.Sprint3.Task4.V5.csproj", "{543DF199-8BE6-4DFB-B8DC-B6B547FB656F}"
EndProject
Project("{FAE04EC0-301F-11D3-BF4B-00C04F79EFBC}") = "Tyuiu.ZavyalovKA.Sprint3.Task4.V5.Lib", "Tyuiu.ZavyalovKA.Sprint3.Task4.V5.Lib\Tyuiu.ZavyalovKA.Sprint3.Task4.V5.Lib.csproj", "{BCD18161-709B-45AC-A363-875380123E37}"
EndProject
Project("{FAE04EC0-301F-11D3-BF4B-00C04F79EFBC}") = "Tyuiu.ZavyalovKA.Sprint3.Task4.V5.Test", "Tyuiu.ZavyalovKA.Sprint3.Task4.V5.Test\Tyuiu.ZavyalovKA.Sprint3.Task4.V5.Test.csproj", "{3036E1FB-105F-4857-B935-C88B76954908}"
EndProject
Global
	GlobalSection(SolutionConfigurationPlatforms) = preSolution
		Debug|Any CPU = Debug|Any CPU
		Release|Any CPU = Release|Any CPU
	EndGlobalSection
	GlobalSection(ProjectConfigurationPlatforms) = postSolution
		{23D56238-217C-41A3-A1BA-8324443DE2C9}.Debug|Any CPU.ActiveCfg = Debug|Any CPU
		{23D56238-217C-41A3-A1BA-8324443DE2C9}.Debug|Any CPU.Build.0 = Debug|Any CPU
		{23D56238-217C-41A3-A1BA-8324443DE2C9}.Release|Any CPU.ActiveCfg = Release|Any CPU
		{23D56238-217C-41A3-A1BA-8324443DE2C9}.Release|Any CPU.Build.0 = Release|Any CPU
		{73CF91D6-E760-471A-92CC-A5A0FB14ACF2}.Debug|Any CPU.ActiveCfg = Debug|Any CPU
		{73CF91D6-E760-471A-92CC-A5A0FB14ACF2}.Debug|Any CPU.Build.0 = Debug|Any CPU
		{73CF91D6-E760-471A-92CC-A5A0FB14ACF2}.Release|Any CPU.ActiveCfg = Release|Any CPU
		{73CF91D6-E760-471A-92CC-A5A0FB14ACF2}.Release|Any CPU.Build.0 = Release|Any CPU
		{067639C9-4A0C-401A-BF31-B9C90CE0E139}.Debug|Any CPU.ActiveCfg = Debug|Any CPU
		{067639C9-4A0C-401A-BF31-B9C90CE0E139}.Debug|Any CPU.Build.0 = Debug|Any CPU
		{067639C9-4A0C-401A-BF31-B9C90CE0E139}.Release|Any CPU.ActiveCfg = Release|Any CPU
		{067639C9-4A0C-401A-BF31-B9C90CE0E139}.Release|Any CPU.Build.0 = Release|Any CPU
		{02D74EDC-E5E2-4A3A-A20B-D3E94520A9E4}.Debug|Any CPU.ActiveCfg = Debug|Any CPU
		{02D74EDC-E5E2-4A3A-A20B-D3E94520A9E4}.Debug|Any CPU.Build.0 = Debug|Any CPU
		{02D74EDC-E5E2-4A3A-A20B-D3E94520A9E4}.Release|Any CPU.ActiveCfg = Release|Any CPU
		{02D74EDC-E5E2-4A3A-A20B-D3E94520A9E4}.Release|Any CPU.Build.0 = Release|Any CPU
		{9D5BE57E-9DB1-43AD-BBE3-D61348654964}.Debug|Any CPU.ActiveCfg = Debug|Any CPU
		{9D5BE57E-9DB1-43AD-BBE3-D61348654964}.Debug|Any CPU.Build.0 = Debug|Any CPU
		{9D5BE57E-9DB1-43AD-BBE3-D61348654964}.Release|Any CPU.ActiveCfg = Release|Any CPU
		{9D5BE57E-9DB1-43AD-BBE3-D61348654964}.Release|Any CPU.Build.0 = Release|Any CPU
		{E95A57D5-043B-44A3-9128-318406B77E35}.Debug|Any CPU.ActiveCfg = Debug|Any CPU
		{E95A57D5-043B-44A3-9128-318406B77E35}.Debug|Any CPU.Build.0 = Debug|Any CPU
		{E95A57D5-043B-44A3-9128-318406B77E35}.Release|Any CPU.ActiveCfg = Release|Any CPU
		{E95A57D5-043B-44A3-9128-318406B77E35}.Release|Any CPU.Build.0 = Release|Any CPU
		{5D4D7589-D1DD-4DB9-9CBC-9E422C0E0AF3}.Debug|Any CPU.ActiveCfg = Debug|Any CPU
		{5D4D7589-D1DD-4DB9-9CBC-9E422C0E0AF3}.Debug|Any CPU.Build.0 = Debug|Any CPU
		{5D4D7589-D1DD-4DB9-9CBC-9E422C0E0AF3}.Release|Any CPU.ActiveCfg = Release|Any CPU
		{5D4D7589-D1DD-4DB9-9CBC-9E422C0E0AF3}.Release|Any CPU.Build.0 = Release|Any CPU
		{9BFCC72C-8F7B-47E2-A816-43DA56DD58E8}.Debug|Any CPU.ActiveCfg = Debug|Any CPU
		{9BFCC72C-8F7B-47E2-A816-43DA56DD58E8}.Debug|Any CPU.Build.0 = Debug|Any CPU
		{9BFCC72C-8F7B-47E2-A816-43DA56DD58E8}.Release|Any CPU.ActiveCfg = Release|Any CPU
		{9BFCC72C-8F7B-47E2-A816-43DA56DD58E8}.Release|Any CPU.Build.0 = Release|Any CPU
		{AA18CA55-E151-467B-B170-9C7B75A2F56D}.Debug|Any CPU.ActiveCfg = Debug|Any CPU
		{AA18CA55-E151-467B-B170-9C7B75A2F56D}.Debug|Any CPU.Build.0 = Debug|Any CPU
		{AA18CA55-E151-467B-B170-9C7B75A2F56D}.Release|Any CPU.ActiveCfg = Release|Any CPU
		{AA18CA55-E151-467B-B170-9C7B75A2F56D}.Release|Any CPU.Build.0 = Release|Any CPU
		{BE1B58AA-36F2-4F57-A073-67D245C3B2B5}.Debug|Any CPU.ActiveCfg = Debug|Any CPU
		{BE1B58AA-36F2-4F57-A073-67D245C3B2B5}.Debug|Any CPU.Build.0 = Debug|Any CPU
		{BE1B58AA-36F2-4F57-A073-67D245C3B2B5}.Release|Any CPU.ActiveCfg = Release|Any CPU
		{BE1B58AA-36F2-4F57-A073-67D245C3B2B5}.Release|Any CPU.Build.0 = Release|Any CPU
		{C3803FA3-7AFB-4AE8-BE7C-1A6CA82354E7}.Debug|Any CPU.ActiveCfg = Debug|Any CPU
		{C3803FA3-7AFB-4AE8-BE7C-1A6CA82354E7}.Debug|Any CPU.Build.0 = Debug|Any CPU
		{C3803FA3-7AFB-4AE8-BE7C-1A6CA82354E7}.Release|Any CPU.ActiveCfg = Release|Any CPU
		{C3803FA3-7AFB-4AE8-BE7C-1A6CA82354E7}.Release|Any CPU.Build.0 = Release|Any CPU
		{844ED438-CAED-4F92-80D4-15808867066E}.Debug|Any CPU.ActiveCfg = Debug|Any CPU
		{844ED438-CAED-4F92-80D4-15808867066E}.Debug|Any CPU.Build.0 = Debug|Any CPU
		{844ED438-CAED-4F92-80D4-15808867066E}.Release|Any CPU.ActiveCfg = Release|Any CPU
		{844ED438-CAED-4F92-80D4-15808867066E}.Release|Any CPU.Build.0 = Release|Any CPU
		{543DF199-8BE6-4DFB-B8DC-B6B547FB656F}.Debug|Any CPU.ActiveCfg = Debug|Any CPU
		{543DF199-8BE6-4DFB-B8DC-B6B547FB656F}.Debug|Any CPU.Build.0 = Debug|Any CPU
		{543DF199-8BE6-4DFB-B8DC-B6B547FB656F}.Release|Any CPU.ActiveCfg = Release|Any CPU
		{543DF199-8BE6-4DFB-B8DC-B6B547FB656F}.Release|Any CPU.Build.0 = Release|Any CPU
		{BCD18161-709B-45AC-A363-875380123E37}.Debug|Any CPU.ActiveCfg = Debug|Any CPU
		{BCD18161-709B-45AC-A363-875380123E37}.Debug|Any CPU.Build.0 = Debug|Any CPU
		{BCD18161-709B-45AC-A363-875380123E37}.Release|Any CPU.ActiveCfg = Release|Any CPU
		{BCD18161-709B-45AC-A363-875380123E37}.Release|Any CPU.Build.0 = Release|Any CPU
		{3036E1FB-105F-4857-B935-C88B76954908}.Debug|Any CPU.ActiveCfg = Debug|Any CPU
		{3036E1FB-105F-4857-B935-C88B76954908}.Debug|Any CPU.Build.0 = Debug|Any CPU
		{3036E1FB-105F-4857-B935-C88B76954908}.Release|Any CPU.ActiveCfg = Release|Any CPU
		{3036E1FB-105F-4857-B935-C88B76954908}.Release|Any CPU.Build.0 = Release|Any CPU
	EndGlobalSection
	GlobalSection(SolutionProperties) = preSolution
		HideSolutionNode = FALSE
	EndGlobalSection
	GlobalSection(NestedProjects) = preSolution
		{23D56238-217C-41A3-A1BA-8324443DE2C9} = {02EA681E-C7D8-13C7-8484-4AC65E1B71E8}
		{73CF91D6-E760-471A-92CC-A5A0FB14ACF2} = {02EA681E-C7D8-13C7-8484-4AC65E1B71E8}
		{067639C9-4A0C-401A-BF31-B9C90CE0E139} = {02EA681E-C7D8-13C7-8484-4AC65E1B71E8}
		{02D74EDC-E5E2-4A3A-A20B-D3E94520A9E4} = {1AED73EC-1BE2-407B-92EC-267C89EFBF8D}
		{9D5BE57E-9DB1-43AD-BBE3-D61348654964} = {1AED73EC-1BE2-407B-92EC-267C89EFBF8D}
		{E95A57D5-043B-44A3-9128-318406B77E35} = {1AED73EC-1BE2-407B-92EC-267C89EFBF8D}
		{5D4D7589-D1DD-4DB9-9CBC-9E422C0E0AF3} = {18BCA4F8-D0AF-4408-98DF-6895C9CEA07E}
		{9BFCC72C-8F7B-47E2-A816-43DA56DD58E8} = {18BCA4F8-D0AF-4408-98DF-6895C9CEA07E}
		{AA18CA55-E151-467B-B170-9C7B75A2F56D} = {18BCA4F8-D0AF-4408-98DF-6895C9CEA07E}
		{BE1B58AA-36F2-4F57-A073-67D245C3B2B5} = {2CB82E95-5731-41BB-9E83-235A8AA8ED46}
		{C3803FA3-7AFB-4AE8-BE7C-1A6CA82354E7} = {2CB82E95-5731-41BB-9E83-235A8AA8ED46}
		{844ED438-CAED-4F92-80D4-15808867066E} = {2CB82E95-5731-41BB-9E83-235A8AA8ED46}
		{543DF199-8BE6-4DFB-B8DC-B6B547FB656F} = {9F841B03-C7CA-45CF-804B-9E5CF1165238}
		{BCD18161-709B-45AC-A363-875380123E37} = {9F841B03-C7CA-45CF-804B-9E5CF1165238}
		{3036E1FB-105F-4857-B935-C88B76954908} = {9F841B03-C7CA-45CF-804B-9E5CF1165238}
	EndGlobalSection
	GlobalSection(ExtensibilityGlobals) = postSolution
		SolutionGuid = {23150BE7-B241-45B2-9B06-E0B09F0A9631}
	EndGlobalSection
EndGlobal
